
Microsoft Visual Studio Solution File, Format Version 12.00
# Visual Studio 14
VisualStudioVersion = 14.0.25420.1
MinimumVisualStudioVersion = 10.0.40219.1
Project("{FAE04EC0-301F-11D3-BF4B-00C04F79EFBC}") = "Core", "Core\Core.csproj", "{27571F62-15AE-4CCB-BA93-33AA4FD5A3E7}"
EndProject
Project("{FAE04EC0-301F-11D3-BF4B-00C04F79EFBC}") = "Interface", "Interface\Interface.csproj", "{AF71A1B7-3A7D-4A00-B234-42041D0F02ED}"
EndProject
Global
	GlobalSection(SolutionConfigurationPlatforms) = preSolution
		Debug|Any CPU = Debug|Any CPU
		Release|Any CPU = Release|Any CPU
	EndGlobalSection
	GlobalSection(ProjectConfigurationPlatforms) = postSolution
		{27571F62-15AE-4CCB-BA93-33AA4FD5A3E7}.Debug|Any CPU.ActiveCfg = Debug|Any CPU
		{27571F62-15AE-4CCB-BA93-33AA4FD5A3E7}.Debug|Any CPU.Build.0 = Debug|Any CPU
		{27571F62-15AE-4CCB-BA93-33AA4FD5A3E7}.Release|Any CPU.ActiveCfg = Release|Any CPU
		{27571F62-15AE-4CCB-BA93-33AA4FD5A3E7}.Release|Any CPU.Build.0 = Release|Any CPU
		{AF71A1B7-3A7D-4A00-B234-42041D0F02ED}.Debug|Any CPU.ActiveCfg = Debug|Any CPU
		{AF71A1B7-3A7D-4A00-B234-42041D0F02ED}.Debug|Any CPU.Build.0 = Debug|Any CPU
		{AF71A1B7-3A7D-4A00-B234-42041D0F02ED}.Release|Any CPU.ActiveCfg = Release|Any CPU
		{AF71A1B7-3A7D-4A00-B234-42041D0F02ED}.Release|Any CPU.Build.0 = Release|Any CPU
	EndGlobalSection
	GlobalSection(SolutionProperties) = preSolution
		HideSolutionNode = FALSE
	EndGlobalSection
EndGlobal
